
Microsoft Visual Studio Solution File, Format Version 12.00
# Visual Studio Version 17
VisualStudioVersion = 17.5.33414.496
MinimumVisualStudioVersion = 10.0.40219.1
Project("{9A19103F-16F7-4668-BE54-9A1E7A4F7556}") = "Datos", "MantenimientoReal\Datos.csproj", "{39598551-4042-448F-AED2-9E281D57C5A1}"
EndProject
Project("{9A19103F-16F7-4668-BE54-9A1E7A4F7556}") = "Negocio", "Negocio\Negocio.csproj", "{62B49309-2662-4824-B489-6BA921898432}"
EndProject
Project("{9A19103F-16F7-4668-BE54-9A1E7A4F7556}") = "Mantenimiento", "Mantenimiento\Mantenimiento.csproj", "{AEBD4F2F-57B3-4228-A0C8-7FCA07E0663A}"
EndProject
Project("{2150E333-8FDC-42A3-9474-1A3956D46DE8}") = "Solution Items", "Solution Items", "{5CF485B3-F3C1-4C1F-B12F-8D2746249E3A}"
	ProjectSection(SolutionItems) = preProject
		Readme.md = Readme.md
	EndProjectSection
EndProject
Global
	GlobalSection(SolutionConfigurationPlatforms) = preSolution
		Debug|Any CPU = Debug|Any CPU
		Release|Any CPU = Release|Any CPU
	EndGlobalSection
	GlobalSection(ProjectConfigurationPlatforms) = postSolution
		{39598551-4042-448F-AED2-9E281D57C5A1}.Debug|Any CPU.ActiveCfg = Debug|Any CPU
		{39598551-4042-448F-AED2-9E281D57C5A1}.Debug|Any CPU.Build.0 = Debug|Any CPU
		{39598551-4042-448F-AED2-9E281D57C5A1}.Release|Any CPU.ActiveCfg = Release|Any CPU
		{39598551-4042-448F-AED2-9E281D57C5A1}.Release|Any CPU.Build.0 = Release|Any CPU
		{62B49309-2662-4824-B489-6BA921898432}.Debug|Any CPU.ActiveCfg = Debug|Any CPU
		{62B49309-2662-4824-B489-6BA921898432}.Debug|Any CPU.Build.0 = Debug|Any CPU
		{62B49309-2662-4824-B489-6BA921898432}.Release|Any CPU.ActiveCfg = Release|Any CPU
		{62B49309-2662-4824-B489-6BA921898432}.Release|Any CPU.Build.0 = Release|Any CPU
		{AEBD4F2F-57B3-4228-A0C8-7FCA07E0663A}.Debug|Any CPU.ActiveCfg = Debug|Any CPU
		{AEBD4F2F-57B3-4228-A0C8-7FCA07E0663A}.Debug|Any CPU.Build.0 = Debug|Any CPU
		{AEBD4F2F-57B3-4228-A0C8-7FCA07E0663A}.Release|Any CPU.ActiveCfg = Release|Any CPU
		{AEBD4F2F-57B3-4228-A0C8-7FCA07E0663A}.Release|Any CPU.Build.0 = Release|Any CPU
	EndGlobalSection
	GlobalSection(SolutionProperties) = preSolution
		HideSolutionNode = FALSE
	EndGlobalSection
	GlobalSection(ExtensibilityGlobals) = postSolution
		SolutionGuid = {016F93B7-E6DD-4C1F-B94A-5B2C7D07E911}
	EndGlobalSection
EndGlobal
